
Microsoft Visual Studio Solution File, Format Version 12.00
# Visual Studio Version 16
VisualStudioVersion = 16.0.30413.136
MinimumVisualStudioVersion = 10.0.40219.1
Project("{9A19103F-16F7-4668-BE54-9A1E7A4F7556}") = "strSpeedTest", "strSpeedTest.csproj", "{02F168C8-2FF4-451E-8D66-10989F0A4520}"
EndProject
Project("{2150E333-8FDC-42A3-9474-1A3956D46DE8}") = "28.08.2020", "28.08.2020", "{1DCB8354-8347-4B3C-A74F-C73597FEFD7C}"
EndProject
Project("{9A19103F-16F7-4668-BE54-9A1E7A4F7556}") = "IntersectionOfLines", "..\IntersectionOfLineSegments\IntersectionOfLines.csproj", "{2EBE2EB8-CCE4-429C-BAAF-06395261CD53}"
EndProject
Project("{9A19103F-16F7-4668-BE54-9A1E7A4F7556}") = "IsItSquare", "..\IsItSquare\IsItSquare.csproj", "{46CCDFA3-B88C-4EC6-9C16-ED89D415D040}"
EndProject
Project("{9A19103F-16F7-4668-BE54-9A1E7A4F7556}") = "IsItSquareTests", "..\IsItSquareTests\IsItSquareTests.csproj", "{D2B5EC0C-7868-4FC4-9618-579E137FCB2A}"
EndProject
Project("{9A19103F-16F7-4668-BE54-9A1E7A4F7556}") = "IsItSquareLib", "..\IsItSquareLib\IsItSquareLib.csproj", "{7481FC67-0DEB-4E94-88B8-93DE4ADA3EE8}"
EndProject
Project("{2150E333-8FDC-42A3-9474-1A3956D46DE8}") = "IsItSquareProgram", "IsItSquareProgram", "{3FAD0BD7-885C-44A6-AFE7-AC38BE1A5F7A}"
EndProject
Project("{2150E333-8FDC-42A3-9474-1A3956D46DE8}") = "04.09.2020", "04.09.2020", "{4D1DD186-52F8-4EF5-A398-BE6C6D09BC06}"
EndProject
Project("{9A19103F-16F7-4668-BE54-9A1E7A4F7556}") = "ArrayShiftProgram", "..\ArrayShiftProgram\ArrayShiftProgram.csproj", "{69C5F902-7322-4B8A-A744-7E921B23F2E5}"
EndProject
Project("{9A19103F-16F7-4668-BE54-9A1E7A4F7556}") = "CrossUnionAndDifferenceOfArrays", "..\CrossUnionAndDifferenceOfArrays\CrossUnionAndDifferenceOfArrays.csproj", "{CCC7437F-D1FE-4B7B-982B-5A9D7C383DC8}"
EndProject
Project("{9A19103F-16F7-4668-BE54-9A1E7A4F7556}") = "FileDataReader", "..\FileDataReader\FileDataReader.csproj", "{F5E4C4E3-C3AD-4761-BC58-7CFD47A79897}"
EndProject
Project("{9A19103F-16F7-4668-BE54-9A1E7A4F7556}") = "MultiplicityStrings", "..\MultiplicityStrings\MultiplicityStrings.csproj", "{0845D4EE-EF75-4413-85BB-C89E88BA504D}"
EndProject
Project("{2150E333-8FDC-42A3-9474-1A3956D46DE8}") = "lesson_3", "lesson_3", "{DEE2CF03-0764-4056-8799-9CBCEDFEE6B3}"
EndProject
Project("{9A19103F-16F7-4668-BE54-9A1E7A4F7556}") = "ABDT_HW2", "..\GetNumberOfNPosition\ABDT_HW2\ABDT_HW2.csproj", "{01D5D96D-F747-423D-9BD4-4190FAA1C5B8}"
EndProject
Project("{9A19103F-16F7-4668-BE54-9A1E7A4F7556}") = "ConsoleApp1", "..\ConsoleApp1\ConsoleApp1.csproj", "{DFB7B738-36CE-4601-AD25-AE7697A6F842}"
EndProject
Project("{2150E333-8FDC-42A3-9474-1A3956D46DE8}") = "18.09.2020", "18.09.2020", "{08C334DE-BDE4-4919-B69E-084C48D82CB7}"
EndProject
Project("{9A19103F-16F7-4668-BE54-9A1E7A4F7556}") = "ListBody", "..\first\ListBody.csproj", "{2BAB7E6C-F036-4EBC-8018-52B848A076A4}"
EndProject
Project("{9A19103F-16F7-4668-BE54-9A1E7A4F7556}") = "SubstringSearch", "..\SubstringSearch\SubstringSearch.csproj", "{E8E4D419-94B6-4D21-9A47-5F78456E7807}"
EndProject
Project("{9A19103F-16F7-4668-BE54-9A1E7A4F7556}") = "StringCompression", "..\StringCompression\StringCompression.csproj", "{54673297-8E0C-41AC-B2BB-898CBFFB961C}"
EndProject
Project("{2150E333-8FDC-42A3-9474-1A3956D46DE8}") = "tests", "tests", "{20A1F39B-459E-4DB0-BFC5-57B21B70A6A0}"
EndProject
Project("{9A19103F-16F7-4668-BE54-9A1E7A4F7556}") = "StringCompressionTest", "..\StringCompressionTest\StringCompressionTest.csproj", "{175AC9FC-4840-491B-B66D-141BE165FBE8}"
EndProject
Project("{9A19103F-16F7-4668-BE54-9A1E7A4F7556}") = "DictionaryLineSplitting", "..\DictionaryLineSplitting\DictionaryLineSplitting.csproj", "{8A764DC9-BF83-4799-8784-2DAF213B9046}"
EndProject
Project("{9A19103F-16F7-4668-BE54-9A1E7A4F7556}") = "FindingPalindrom", "..\FindingPalindrom\FindingPalindrom.csproj", "{26E19132-990F-4AF0-A1DB-6DD05B1FDC4B}"
EndProject
Project("{2150E333-8FDC-42A3-9474-1A3956D46DE8}") = "Solving Tasks", "Solving Tasks", "{DE91C292-2A6F-4778-9714-5893EBA0D0A1}"
	ProjectSection(SolutionItems) = preProject
		Tasks.txt = Tasks.txt
	EndProjectSection
EndProject
Project("{2150E333-8FDC-42A3-9474-1A3956D46DE8}") = "07.09.2020", "07.09.2020", "{011D2908-D2A5-450F-82A1-9F884B8EEE31}"
EndProject
Project("{2150E333-8FDC-42A3-9474-1A3956D46DE8}") = "25.09.2020", "25.09.2020", "{CFC34769-BA05-4AAD-A144-2AA1A3F8A793}"
EndProject
Project("{9A19103F-16F7-4668-BE54-9A1E7A4F7556}") = "CutList", "..\2\CutList.csproj", "{4E863353-E78D-4C3B-ACC3-1DD67F392BCC}"
EndProject
Project("{FAE04EC0-301F-11D3-BF4B-00C04F79EFBC}") = "MyQueue", "..\MyStack\MyQueue.csproj", "{2967C5FA-6769-46EC-9B86-62EA720BEFB5}"
EndProject
Project("{2150E333-8FDC-42A3-9474-1A3956D46DE8}") = "11.09.2020", "11.09.2020", "{45AD8397-AFC8-40AB-9231-AC907D67501B}"
EndProject
Project("{FAE04EC0-301F-11D3-BF4B-00C04F79EFBC}") = "FindKElementFromTailList", "..\FindKElementFromTaleList\FindKElementFromTailList.csproj", "{79A8201D-9AB9-475D-B2BC-6831D3AC6C30}"
EndProject
Global
	GlobalSection(SolutionConfigurationPlatforms) = preSolution
		Debug|Any CPU = Debug|Any CPU
		Release|Any CPU = Release|Any CPU
	EndGlobalSection
	GlobalSection(ProjectConfigurationPlatforms) = postSolution
		{02F168C8-2FF4-451E-8D66-10989F0A4520}.Debug|Any CPU.ActiveCfg = Debug|Any CPU
		{02F168C8-2FF4-451E-8D66-10989F0A4520}.Debug|Any CPU.Build.0 = Debug|Any CPU
		{02F168C8-2FF4-451E-8D66-10989F0A4520}.Release|Any CPU.ActiveCfg = Release|Any CPU
		{02F168C8-2FF4-451E-8D66-10989F0A4520}.Release|Any CPU.Build.0 = Release|Any CPU
		{2EBE2EB8-CCE4-429C-BAAF-06395261CD53}.Debug|Any CPU.ActiveCfg = Debug|Any CPU
		{2EBE2EB8-CCE4-429C-BAAF-06395261CD53}.Debug|Any CPU.Build.0 = Debug|Any CPU
		{2EBE2EB8-CCE4-429C-BAAF-06395261CD53}.Release|Any CPU.ActiveCfg = Release|Any CPU
		{2EBE2EB8-CCE4-429C-BAAF-06395261CD53}.Release|Any CPU.Build.0 = Release|Any CPU
		{46CCDFA3-B88C-4EC6-9C16-ED89D415D040}.Debug|Any CPU.ActiveCfg = Debug|Any CPU
		{46CCDFA3-B88C-4EC6-9C16-ED89D415D040}.Debug|Any CPU.Build.0 = Debug|Any CPU
		{46CCDFA3-B88C-4EC6-9C16-ED89D415D040}.Release|Any CPU.ActiveCfg = Release|Any CPU
		{46CCDFA3-B88C-4EC6-9C16-ED89D415D040}.Release|Any CPU.Build.0 = Release|Any CPU
		{D2B5EC0C-7868-4FC4-9618-579E137FCB2A}.Debug|Any CPU.ActiveCfg = Debug|Any CPU
		{D2B5EC0C-7868-4FC4-9618-579E137FCB2A}.Debug|Any CPU.Build.0 = Debug|Any CPU
		{D2B5EC0C-7868-4FC4-9618-579E137FCB2A}.Release|Any CPU.ActiveCfg = Release|Any CPU
		{D2B5EC0C-7868-4FC4-9618-579E137FCB2A}.Release|Any CPU.Build.0 = Release|Any CPU
		{7481FC67-0DEB-4E94-88B8-93DE4ADA3EE8}.Debug|Any CPU.ActiveCfg = Debug|Any CPU
		{7481FC67-0DEB-4E94-88B8-93DE4ADA3EE8}.Debug|Any CPU.Build.0 = Debug|Any CPU
		{7481FC67-0DEB-4E94-88B8-93DE4ADA3EE8}.Release|Any CPU.ActiveCfg = Release|Any CPU
		{7481FC67-0DEB-4E94-88B8-93DE4ADA3EE8}.Release|Any CPU.Build.0 = Release|Any CPU
		{69C5F902-7322-4B8A-A744-7E921B23F2E5}.Debug|Any CPU.ActiveCfg = Debug|Any CPU
		{69C5F902-7322-4B8A-A744-7E921B23F2E5}.Debug|Any CPU.Build.0 = Debug|Any CPU
		{69C5F902-7322-4B8A-A744-7E921B23F2E5}.Release|Any CPU.ActiveCfg = Release|Any CPU
		{69C5F902-7322-4B8A-A744-7E921B23F2E5}.Release|Any CPU.Build.0 = Release|Any CPU
		{CCC7437F-D1FE-4B7B-982B-5A9D7C383DC8}.Debug|Any CPU.ActiveCfg = Debug|Any CPU
		{CCC7437F-D1FE-4B7B-982B-5A9D7C383DC8}.Debug|Any CPU.Build.0 = Debug|Any CPU
		{CCC7437F-D1FE-4B7B-982B-5A9D7C383DC8}.Release|Any CPU.ActiveCfg = Release|Any CPU
		{CCC7437F-D1FE-4B7B-982B-5A9D7C383DC8}.Release|Any CPU.Build.0 = Release|Any CPU
		{F5E4C4E3-C3AD-4761-BC58-7CFD47A79897}.Debug|Any CPU.ActiveCfg = Debug|Any CPU
		{F5E4C4E3-C3AD-4761-BC58-7CFD47A79897}.Debug|Any CPU.Build.0 = Debug|Any CPU
		{F5E4C4E3-C3AD-4761-BC58-7CFD47A79897}.Release|Any CPU.ActiveCfg = Release|Any CPU
		{F5E4C4E3-C3AD-4761-BC58-7CFD47A79897}.Release|Any CPU.Build.0 = Release|Any CPU
		{0845D4EE-EF75-4413-85BB-C89E88BA504D}.Debug|Any CPU.ActiveCfg = Debug|Any CPU
		{0845D4EE-EF75-4413-85BB-C89E88BA504D}.Debug|Any CPU.Build.0 = Debug|Any CPU
		{0845D4EE-EF75-4413-85BB-C89E88BA504D}.Release|Any CPU.ActiveCfg = Release|Any CPU
		{0845D4EE-EF75-4413-85BB-C89E88BA504D}.Release|Any CPU.Build.0 = Release|Any CPU
		{01D5D96D-F747-423D-9BD4-4190FAA1C5B8}.Debug|Any CPU.ActiveCfg = Debug|Any CPU
		{01D5D96D-F747-423D-9BD4-4190FAA1C5B8}.Debug|Any CPU.Build.0 = Debug|Any CPU
		{01D5D96D-F747-423D-9BD4-4190FAA1C5B8}.Release|Any CPU.ActiveCfg = Release|Any CPU
		{01D5D96D-F747-423D-9BD4-4190FAA1C5B8}.Release|Any CPU.Build.0 = Release|Any CPU
		{DFB7B738-36CE-4601-AD25-AE7697A6F842}.Debug|Any CPU.ActiveCfg = Debug|Any CPU
		{DFB7B738-36CE-4601-AD25-AE7697A6F842}.Debug|Any CPU.Build.0 = Debug|Any CPU
		{DFB7B738-36CE-4601-AD25-AE7697A6F842}.Release|Any CPU.ActiveCfg = Release|Any CPU
		{DFB7B738-36CE-4601-AD25-AE7697A6F842}.Release|Any CPU.Build.0 = Release|Any CPU
		{2BAB7E6C-F036-4EBC-8018-52B848A076A4}.Debug|Any CPU.ActiveCfg = Debug|Any CPU
		{2BAB7E6C-F036-4EBC-8018-52B848A076A4}.Debug|Any CPU.Build.0 = Debug|Any CPU
		{2BAB7E6C-F036-4EBC-8018-52B848A076A4}.Release|Any CPU.ActiveCfg = Release|Any CPU
		{2BAB7E6C-F036-4EBC-8018-52B848A076A4}.Release|Any CPU.Build.0 = Release|Any CPU
		{E8E4D419-94B6-4D21-9A47-5F78456E7807}.Debug|Any CPU.ActiveCfg = Debug|Any CPU
		{E8E4D419-94B6-4D21-9A47-5F78456E7807}.Debug|Any CPU.Build.0 = Debug|Any CPU
		{E8E4D419-94B6-4D21-9A47-5F78456E7807}.Release|Any CPU.ActiveCfg = Release|Any CPU
		{E8E4D419-94B6-4D21-9A47-5F78456E7807}.Release|Any CPU.Build.0 = Release|Any CPU
		{54673297-8E0C-41AC-B2BB-898CBFFB961C}.Debug|Any CPU.ActiveCfg = Debug|Any CPU
		{54673297-8E0C-41AC-B2BB-898CBFFB961C}.Debug|Any CPU.Build.0 = Debug|Any CPU
		{54673297-8E0C-41AC-B2BB-898CBFFB961C}.Release|Any CPU.ActiveCfg = Release|Any CPU
		{54673297-8E0C-41AC-B2BB-898CBFFB961C}.Release|Any CPU.Build.0 = Release|Any CPU
		{175AC9FC-4840-491B-B66D-141BE165FBE8}.Debug|Any CPU.ActiveCfg = Debug|Any CPU
		{175AC9FC-4840-491B-B66D-141BE165FBE8}.Debug|Any CPU.Build.0 = Debug|Any CPU
		{175AC9FC-4840-491B-B66D-141BE165FBE8}.Release|Any CPU.ActiveCfg = Release|Any CPU
		{175AC9FC-4840-491B-B66D-141BE165FBE8}.Release|Any CPU.Build.0 = Release|Any CPU
		{8A764DC9-BF83-4799-8784-2DAF213B9046}.Debug|Any CPU.ActiveCfg = Debug|Any CPU
		{8A764DC9-BF83-4799-8784-2DAF213B9046}.Debug|Any CPU.Build.0 = Debug|Any CPU
		{8A764DC9-BF83-4799-8784-2DAF213B9046}.Release|Any CPU.ActiveCfg = Release|Any CPU
		{8A764DC9-BF83-4799-8784-2DAF213B9046}.Release|Any CPU.Build.0 = Release|Any CPU
		{26E19132-990F-4AF0-A1DB-6DD05B1FDC4B}.Debug|Any CPU.ActiveCfg = Debug|Any CPU
		{26E19132-990F-4AF0-A1DB-6DD05B1FDC4B}.Debug|Any CPU.Build.0 = Debug|Any CPU
		{26E19132-990F-4AF0-A1DB-6DD05B1FDC4B}.Release|Any CPU.ActiveCfg = Release|Any CPU
		{26E19132-990F-4AF0-A1DB-6DD05B1FDC4B}.Release|Any CPU.Build.0 = Release|Any CPU
		{4E863353-E78D-4C3B-ACC3-1DD67F392BCC}.Debug|Any CPU.ActiveCfg = Debug|Any CPU
		{4E863353-E78D-4C3B-ACC3-1DD67F392BCC}.Debug|Any CPU.Build.0 = Debug|Any CPU
		{4E863353-E78D-4C3B-ACC3-1DD67F392BCC}.Release|Any CPU.ActiveCfg = Release|Any CPU
		{4E863353-E78D-4C3B-ACC3-1DD67F392BCC}.Release|Any CPU.Build.0 = Release|Any CPU
		{2967C5FA-6769-46EC-9B86-62EA720BEFB5}.Debug|Any CPU.ActiveCfg = Debug|Any CPU
		{2967C5FA-6769-46EC-9B86-62EA720BEFB5}.Debug|Any CPU.Build.0 = Debug|Any CPU
		{2967C5FA-6769-46EC-9B86-62EA720BEFB5}.Release|Any CPU.ActiveCfg = Release|Any CPU
		{2967C5FA-6769-46EC-9B86-62EA720BEFB5}.Release|Any CPU.Build.0 = Release|Any CPU
		{79A8201D-9AB9-475D-B2BC-6831D3AC6C30}.Debug|Any CPU.ActiveCfg = Debug|Any CPU
		{79A8201D-9AB9-475D-B2BC-6831D3AC6C30}.Debug|Any CPU.Build.0 = Debug|Any CPU
		{79A8201D-9AB9-475D-B2BC-6831D3AC6C30}.Release|Any CPU.ActiveCfg = Release|Any CPU
		{79A8201D-9AB9-475D-B2BC-6831D3AC6C30}.Release|Any CPU.Build.0 = Release|Any CPU
	EndGlobalSection
	GlobalSection(SolutionProperties) = preSolution
		HideSolutionNode = FALSE
	EndGlobalSection
	GlobalSection(NestedProjects) = preSolution
		{02F168C8-2FF4-451E-8D66-10989F0A4520} = {1DCB8354-8347-4B3C-A74F-C73597FEFD7C}
		{2EBE2EB8-CCE4-429C-BAAF-06395261CD53} = {1DCB8354-8347-4B3C-A74F-C73597FEFD7C}
		{46CCDFA3-B88C-4EC6-9C16-ED89D415D040} = {3FAD0BD7-885C-44A6-AFE7-AC38BE1A5F7A}
		{D2B5EC0C-7868-4FC4-9618-579E137FCB2A} = {3FAD0BD7-885C-44A6-AFE7-AC38BE1A5F7A}
		{7481FC67-0DEB-4E94-88B8-93DE4ADA3EE8} = {3FAD0BD7-885C-44A6-AFE7-AC38BE1A5F7A}
		{3FAD0BD7-885C-44A6-AFE7-AC38BE1A5F7A} = {1DCB8354-8347-4B3C-A74F-C73597FEFD7C}
		{69C5F902-7322-4B8A-A744-7E921B23F2E5} = {4D1DD186-52F8-4EF5-A398-BE6C6D09BC06}
		{CCC7437F-D1FE-4B7B-982B-5A9D7C383DC8} = {4D1DD186-52F8-4EF5-A398-BE6C6D09BC06}
		{F5E4C4E3-C3AD-4761-BC58-7CFD47A79897} = {4D1DD186-52F8-4EF5-A398-BE6C6D09BC06}
		{0845D4EE-EF75-4413-85BB-C89E88BA504D} = {011D2908-D2A5-450F-82A1-9F884B8EEE31}
		{01D5D96D-F747-423D-9BD4-4190FAA1C5B8} = {1DCB8354-8347-4B3C-A74F-C73597FEFD7C}
		{DFB7B738-36CE-4601-AD25-AE7697A6F842} = {DEE2CF03-0764-4056-8799-9CBCEDFEE6B3}
		{2BAB7E6C-F036-4EBC-8018-52B848A076A4} = {08C334DE-BDE4-4919-B69E-084C48D82CB7}
		{E8E4D419-94B6-4D21-9A47-5F78456E7807} = {011D2908-D2A5-450F-82A1-9F884B8EEE31}
		{54673297-8E0C-41AC-B2BB-898CBFFB961C} = {08C334DE-BDE4-4919-B69E-084C48D82CB7}
		{20A1F39B-459E-4DB0-BFC5-57B21B70A6A0} = {08C334DE-BDE4-4919-B69E-084C48D82CB7}
		{175AC9FC-4840-491B-B66D-141BE165FBE8} = {20A1F39B-459E-4DB0-BFC5-57B21B70A6A0}
		{8A764DC9-BF83-4799-8784-2DAF213B9046} = {08C334DE-BDE4-4919-B69E-084C48D82CB7}
		{26E19132-990F-4AF0-A1DB-6DD05B1FDC4B} = {08C334DE-BDE4-4919-B69E-084C48D82CB7}
		{4E863353-E78D-4C3B-ACC3-1DD67F392BCC} = {CFC34769-BA05-4AAD-A144-2AA1A3F8A793}
		{2967C5FA-6769-46EC-9B86-62EA720BEFB5} = {08C334DE-BDE4-4919-B69E-084C48D82CB7}
		{79A8201D-9AB9-475D-B2BC-6831D3AC6C30} = {45AD8397-AFC8-40AB-9231-AC907D67501B}
	EndGlobalSection
	GlobalSection(ExtensibilityGlobals) = postSolution
		SolutionGuid = {049411C1-903C-4B32-BFA2-040D779A2E20}
	EndGlobalSection
EndGlobal
