
Microsoft Visual Studio Solution File, Format Version 12.00
# Visual Studio Version 16
VisualStudioVersion = 16.0.30804.86
MinimumVisualStudioVersion = 10.0.40219.1
Project("{FAE04EC0-301F-11D3-BF4B-00C04F79EFBC}") = "Prokhor", "Prokhor.csproj", "{396EFE56-75F3-437D-8A53-FDB11F52B18F}"
EndProject
Global
	GlobalSection(SolutionConfigurationPlatforms) = preSolution
		Debug|Any CPU = Debug|Any CPU
		Release|Any CPU = Release|Any CPU
	EndGlobalSection
	GlobalSection(ProjectConfigurationPlatforms) = postSolution
		{396EFE56-75F3-437D-8A53-FDB11F52B18F}.Debug|Any CPU.ActiveCfg = Debug|Any CPU
		{396EFE56-75F3-437D-8A53-FDB11F52B18F}.Debug|Any CPU.Build.0 = Debug|Any CPU
		{396EFE56-75F3-437D-8A53-FDB11F52B18F}.Release|Any CPU.ActiveCfg = Release|Any CPU
		{396EFE56-75F3-437D-8A53-FDB11F52B18F}.Release|Any CPU.Build.0 = Release|Any CPU
	EndGlobalSection
	GlobalSection(SolutionProperties) = preSolution
		HideSolutionNode = FALSE
	EndGlobalSection
	GlobalSection(ExtensibilityGlobals) = postSolution
		SolutionGuid = {159E3786-803A-4D30-9355-742357FA8CCA}
	EndGlobalSection
EndGlobal
